Microsoft Visual Studio Solution File, Format Version 12.00
# Visual Studio Version 17
VisualStudioVersion = 17.5.2.0
MinimumVisualStudioVersion = 10.0.40219.1
Project("{FAE04EC0-301F-11D3-BF4B-00C04F79EFBC}") = "Umbraco.Community.RollbackPreviewer", "Umbraco.Community.RollbackPreviewer.csproj", "{457B9647-52A4-78C7-6F8F-C0F47DA25A0B}"
EndProject
Global
	GlobalSection(SolutionConfigurationPlatforms) = preSolution
		Debug|Any CPU = Debug|Any CPU
		Release|Any CPU = Release|Any CPU
	EndGlobalSection
	GlobalSection(ProjectConfigurationPlatforms) = postSolution
		{457B9647-52A4-78C7-6F8F-C0F47DA25A0B}.Debug|Any CPU.ActiveCfg = Debug|Any CPU
		{457B9647-52A4-78C7-6F8F-C0F47DA25A0B}.Debug|Any CPU.Build.0 = Debug|Any CPU
		{457B9647-52A4-78C7-6F8F-C0F47DA25A0B}.Release|Any CPU.ActiveCfg = Release|Any CPU
		{457B9647-52A4-78C7-6F8F-C0F47DA25A0B}.Release|Any CPU.Build.0 = Release|Any CPU
	EndGlobalSection
	GlobalSection(SolutionProperties) = preSolution
		HideSolutionNode = FALSE
	EndGlobalSection
	GlobalSection(ExtensibilityGlobals) = postSolution
		SolutionGuid = {95F79218-2B37-4AFD-AFA8-C4B751B11F52}
	EndGlobalSection
EndGlobal
